<?xml version="1.0" encoding="utf-8"?>
<Project ToolsVersion="4.0" xmlns="http://schemas.microsoft.com/developer/msbuild/2003">
  <ItemGroup>
    <Filter Include="Source Files">
      <UniqueIdentifier>{4FC737F1-C7A5-4376-A066-2A32D752A2FF}</UniqueIdentifier>
      <Extensions>cpp;c;cc;cxx;def;odl;idl;hpj;bat;asm;asmx</Extensions>
    </Filter>
    <Filter Include="Header Files">
      <UniqueIdentifier>{93995380-89BD-4b04-88EB-625FBE52EBFB}</UniqueIdentifier>
      <Extensions>h;hh;hpp;hxx;hm;inl;inc;xsd</Extensions>
    </Filter>
    <Filter Include="Resource Files">
      <UniqueIdentifier>{67DA6AB6-F800-4c08-8B7A-83BB121AAD01}</UniqueIdentifier>
      <Extensions>rc;ico;cur;bmp;dlg;rc2;rct;bin;rgs;gif;jpg;jpeg;jpe;resx;tiff;tif;png;wav;mfcribbon-ms</Extensions>
    </Filter>
    <Filter Include="Shaders">
      <UniqueIdentifier>{b435d4bf-644f-41ba-b19d-7d0f59a7c86f}</UniqueIdentifier>
    </Filter>
    <Filter Include="Header Files\Engine">
      <UniqueIdentifier>{7a483435-4446-478d-890d-18fb38101896}</UniqueIdentifier>
    </Filter>
    <Filter Include="Source Files\Engine">
      <UniqueIdentifier>{86d6b4a5-bc72-4cc6-89c4-92c2817cef41}</UniqueIdentifier>
    </Filter>
    <Filter Include="Header Files\Objects">
      <UniqueIdentifier>{e15e8b3b-b4c1-4b23-96d3-8d3794896d5d}</UniqueIdentifier>
    </Filter>
    <Filter Include="Source Files\Objects">
      <UniqueIdentifier>{7b0a3a3c-94cb-442c-a0fc-93881288df17}</UniqueIdentifier>
    </Filter>
  </ItemGroup>
  <ItemGroup>
    <None Include="engine\shaders\fshader.glsl">
      <Filter>Shaders</Filter>
    </None>
    <None Include="engine\shaders\vshader.glsl">
      <Filter>Shaders</Filter>
    </None>
    <None Include="engine\shaders\fshader_skybox.glsl">
      <Filter>Shaders</Filter>
    </None>
    <None Include="engine\shaders\vshader_skybox.glsl">
      <Filter>Shaders</Filter>
    </None>
  </ItemGroup>
  <ItemGroup>
    <ClInclude Include="engine\camera.h">
      <Filter>Header Files\Engine</Filter>
    </ClInclude>
    <ClInclude Include="engine\engine.h">
      <Filter>Header Files\Engine</Filter>
    </ClInclude>
    <ClInclude Include="engine\model.h">
      <Filter>Header Files\Engine</Filter>
    </ClInclude>
    <ClInclude Include="engine\object.h">
      <Filter>Header Files\Engine</Filter>
    </ClInclude>
    <ClInclude Include="engine\shader.h">
      <Filter>Header Files\Engine</Filter>
    </ClInclude>
    <ClInclude Include="engine\skybox.h">
      <Filter>Header Files\Engine</Filter>
    </ClInclude>
    <ClInclude Include="engine\texture.h">
      <Filter>Header Files\Engine</Filter>
    </ClInclude>
    <ClInclude Include="engine\transform.h">
      <Filter>Header Files\Engine</Filter>
    </ClInclude>
    <ClInclude Include="engine\texture_cubemap.h">
      <Filter>Header Files\Engine</Filter>
    </ClInclude>
    <ClInclude Include="engine\asset.h">
      <Filter>Header Files\Engine</Filter>
    </ClInclude>
    <ClInclude Include="objects\spacecraft\spacecraft.h">
      <Filter>Header Files\Objects</Filter>
    </ClInclude>
    <ClInclude Include="objects\planet\planet.h">
      <Filter>Header Files\Objects</Filter>
    </ClInclude>
    <ClInclude Include="objects\orbit\orbit.h">
      <Filter>Header Files\Objects</Filter>
    </ClInclude>
    <ClInclude Include="objects\moon\moon.h">
      <Filter>Header Files\Objects</Filter>
    </ClInclude>
    <ClInclude Include="objects\globe\Globe.h">
      <Filter>Header Files\Objects</Filter>
    </ClInclude>
    <ClInclude Include="objects\builder\builder.h">
      <Filter>Header Files\Objects</Filter>
    </ClInclude>
    <ClInclude Include="objects\arrows\lerparrow.h">
      <Filter>Header Files\Objects</Filter>
    </ClInclude>
    <ClInclude Include="objects\arrows\slerparrow.h">
      <Filter>Header Files\Objects</Filter>
    </ClInclude>
    <ClInclude Include="objects\arrows\Arrow.h">
      <Filter>Header Files\Objects</Filter>
    </ClInclude>
    <ClInclude Include="rollaball.h">
      <Filter>Header Files</Filter>
    </ClInclude>
    <ClInclude Include="collectible.h">
      <Filter>Header Files</Filter>
    </ClInclude>
    <ClInclude Include="playarea.h">
      <Filter>Header Files</Filter>
    </ClInclude>
    <ClInclude Include="playercraft.h">
      <Filter>Header Files</Filter>
    </ClInclude>
    <ClInclude Include="enemycraft.h">
      <Filter>Header Files</Filter>
    </ClInclude>
    <ClInclude Include="asteroid.h">
      <Filter>Header Files</Filter>
    </ClInclude>
    <ClInclude Include="playerbullet.h">
      <Filter>Header Files</Filter>
    </ClInclude>
  </ItemGroup>
  <ItemGroup>
    <ClCompile Include="engine\camera.cpp">
      <Filter>Source Files\Engine</Filter>
    </ClCompile>
    <ClCompile Include="engine\engine.cpp">
      <Filter>Source Files\Engine</Filter>
    </ClCompile>
    <ClCompile Include="engine\model.cpp">
      <Filter>Source Files\Engine</Filter>
    </ClCompile>
    <ClCompile Include="engine\object.cpp">
      <Filter>Source Files\Engine</Filter>
    </ClCompile>
    <ClCompile Include="engine\shader.cpp">
      <Filter>Source Files\Engine</Filter>
    </ClCompile>
    <ClCompile Include="engine\skybox.cpp">
      <Filter>Source Files\Engine</Filter>
    </ClCompile>
    <ClCompile Include="engine\texture.cpp">
      <Filter>Source Files\Engine</Filter>
    </ClCompile>
    <ClCompile Include="engine\transform.cpp">
      <Filter>Source Files\Engine</Filter>
    </ClCompile>
    <ClCompile Include="engine\texture_cubemap.cpp">
      <Filter>Source Files\Engine</Filter>
    </ClCompile>
    <ClCompile Include="engine\asset.cpp">
      <Filter>Source Files\Engine</Filter>
    </ClCompile>
    <ClCompile Include="objects\spacecraft\spacecraft.cpp">
      <Filter>Source Files\Objects</Filter>
    </ClCompile>
    <ClCompile Include="objects\planet\planet.cpp">
      <Filter>Source Files\Objects</Filter>
    </ClCompile>
    <ClCompile Include="objects\orbit\orbit.cpp">
      <Filter>Source Files\Objects</Filter>
    </ClCompile>
    <ClCompile Include="objects\moon\moon.cpp">
      <Filter>Source Files\Objects</Filter>
    </ClCompile>
    <ClCompile Include="objects\globe\Globe.cpp">
      <Filter>Source Files\Objects</Filter>
    </ClCompile>
    <ClCompile Include="objects\builder\builder.cpp">
      <Filter>Source Files\Objects</Filter>
    </ClCompile>
    <ClCompile Include="objects\arrows\slerparrow.cpp">
      <Filter>Source Files\Objects</Filter>
    </ClCompile>
    <ClCompile Include="objects\arrows\Arrow.cpp">
      <Filter>Source Files\Objects</Filter>
    </ClCompile>
    <ClCompile Include="objects\arrows\lerparrow.cpp">
      <Filter>Source Files\Objects</Filter>
    </ClCompile>
    <ClCompile Include="rollaball.cpp">
      <Filter>Source Files</Filter>
    </ClCompile>
    <ClCompile Include="collectible.cpp">
      <Filter>Source Files</Filter>
    </ClCompile>
    <ClCompile Include="playarea.cpp">
      <Filter>Source Files</Filter>
    </ClCompile>
    <ClCompile Include="playercraft.cpp">
      <Filter>Source Files</Filter>
    </ClCompile>
    <ClCompile Include="enemycraft.cpp">
      <Filter>Source Files</Filter>
    </ClCompile>
    <ClCompile Include="asteroid.cpp">
      <Filter>Source Files</Filter>
    </ClCompile>
    <ClCompile Include="playerbullet.cpp">
      <Filter>Source Files</Filter>
    </ClCompile>
    <ClCompile Include="SceneRollABall.cpp">
      <Filter>Source Files</Filter>
    </ClCompile>
  </ItemGroup>
</Project>